
Microsoft Visual Studio Solution File, Format Version 12.00
# Visual Studio Version 16
VisualStudioVersion = 16.0.30907.101
MinimumVisualStudioVersion = 10.0.40219.1
Project("{FAE04EC0-301F-11D3-BF4B-00C04F79EFBC}") = "UniCalculator", "UniCalculator\UniCalculator.csproj", "{A7DB7696-C0B6-465B-B438-75ED56D7D139}"
EndProject
Global
	GlobalSection(SolutionConfigurationPlatforms) = preSolution
		Debug|Any CPU = Debug|Any CPU
		Release|Any CPU = Release|Any CPU
	EndGlobalSection
	GlobalSection(ProjectConfigurationPlatforms) = postSolution
		{A7DB7696-C0B6-465B-B438-75ED56D7D139}.Debug|Any CPU.ActiveCfg = Debug|Any CPU
		{A7DB7696-C0B6-465B-B438-75ED56D7D139}.Debug|Any CPU.Build.0 = Debug|Any CPU
		{A7DB7696-C0B6-465B-B438-75ED56D7D139}.Release|Any CPU.ActiveCfg = Release|Any CPU
		{A7DB7696-C0B6-465B-B438-75ED56D7D139}.Release|Any CPU.Build.0 = Release|Any CPU
	EndGlobalSection
	GlobalSection(SolutionProperties) = preSolution
		HideSolutionNode = FALSE
	EndGlobalSection
	GlobalSection(ExtensibilityGlobals) = postSolution
		SolutionGuid = {86BEF7FC-42EB-42E6-A015-D4055BD5BA44}
	EndGlobalSection
EndGlobal
